
Microsoft Visual Studio Solution File, Format Version 12.00
# Visual Studio Version 17
VisualStudioVersion = 17.5.002.0
MinimumVisualStudioVersion = 10.0.40219.1
Project("{9A19103F-16F7-4668-BE54-9A1E7A4F7556}") = "ShopingStore", "ShopingStore.csproj", "{ECE7D65F-ABE2-42A9-B1B9-25094763376B}"
EndProject
Global
	GlobalSection(SolutionConfigurationPlatforms) = preSolution
		Debug|Any CPU = Debug|Any CPU
		Release|Any CPU = Release|Any CPU
	EndGlobalSection
	GlobalSection(ProjectConfigurationPlatforms) = postSolution
		{ECE7D65F-ABE2-42A9-B1B9-25094763376B}.Debug|Any CPU.ActiveCfg = Debug|Any CPU
		{ECE7D65F-ABE2-42A9-B1B9-25094763376B}.Debug|Any CPU.Build.0 = Debug|Any CPU
		{ECE7D65F-ABE2-42A9-B1B9-25094763376B}.Release|Any CPU.ActiveCfg = Release|Any CPU
		{ECE7D65F-ABE2-42A9-B1B9-25094763376B}.Release|Any CPU.Build.0 = Release|Any CPU
	EndGlobalSection
	GlobalSection(SolutionProperties) = preSolution
		HideSolutionNode = FALSE
	EndGlobalSection
	GlobalSection(ExtensibilityGlobals) = postSolution
		SolutionGuid = {55EF7DD0-A833-42CA-B36A-FD89EE4D52F6}
	EndGlobalSection
EndGlobal
